{
  "requires": true,
  "lockfileVersion": 1,
  "dependencies": {
    "escape-html": {
      "version": "1.0.3",
      "resolved": "https://registry.npmjs.org/escape-html/-/escape-html-1.0.3.tgz",
      "integrity": "sha1-Aljq5NPQwJdN4cFpGI7wBR0dGYg="
    },
    "shaven": {
      "version": "1.3.0",
      "resolved": "https://registry.npmjs.org/shaven/-/shaven-1.3.0.tgz",
      "integrity": "sha512-eUVWUyyw4W1gugipRZQBvliq4gUe8lQsIaSG0wsSR4I5lvOZQQBWJpynZaXVTY1Hj/k2+eks3Keyxa9QqC+OsA==",
      "requires": {
        "escape-html": "~1.0.3"
      }
    }
  }
}
